<?xml version="1.0" encoding="utf-8"?>
<Project ToolsVersion="4.0" xmlns="http://schemas.microsoft.com/developer/msbuild/2003">
  <Import Project="LVGL.Portable.vcxitems.filters" />
  <Import Project="LVGL.Drivers.vcxitems.filters" />
  <ItemGroup>
    <ClCompile Include="LVGL.Simulator.cpp" />
    <ClCompile Include="pikascript_entry.c" />
    <ClCompile Include="pikascript\pikascript-api\__asset_pikaModules_py_a.c" />
    <ClCompile Include="pikascript\pikascript-api\__pikaBinding.c" />
    <ClCompile Include="pikascript\pikascript-api\pikaScript.c" />
    <ClCompile Include="pikascript\pikascript-core\BaseObj.c" />
    <ClCompile Include="pikascript\pikascript-core\dataArg.c" />
    <ClCompile Include="pikascript\pikascript-core\dataArgs.c" />
    <ClCompile Include="pikascript\pikascript-core\dataLink.c" />
    <ClCompile Include="pikascript\pikascript-core\dataLinkNode.c" />
    <ClCompile Include="pikascript\pikascript-core\dataMemory.c" />
    <ClCompile Include="pikascript\pikascript-core\dataQueue.c" />
    <ClCompile Include="pikascript\pikascript-core\dataQueueObj.c" />
    <ClCompile Include="pikascript\pikascript-core\dataStack.c" />
    <ClCompile Include="pikascript\pikascript-core\dataString.c" />
    <ClCompile Include="pikascript\pikascript-core\dataStrs.c" />
    <ClCompile Include="pikascript\pikascript-core\PikaCompiler.c" />
    <ClCompile Include="pikascript\pikascript-core\PikaObj.c" />
    <ClCompile Include="pikascript\pikascript-core\PikaParser.c" />
    <ClCompile Include="pikascript\pikascript-core\PikaPlatform.c" />
    <ClCompile Include="pikascript\pikascript-core\PikaVM.c" />
    <ClCompile Include="pikascript\pikascript-core\TinyObj.c" />
    <ClCompile Include="pikascript\pikascript-lib\pika_lvgl\pika_lv_point_t.c" />
    <ClCompile Include="pikascript\pikascript-lib\pika_lvgl\pika_lv_timer_t.c" />
    <ClCompile Include="pikascript\pikascript-lib\pika_lvgl\pika_lv_wegit.c" />
    <ClCompile Include="pikascript\pikascript-lib\pika_lvgl\pika_lvgl.c" />
    <ClCompile Include="pikascript\pikascript-lib\pika_lvgl\pika_lvgl_indev_t.c" />
    <ClCompile Include="pikascript\pikascript-lib\pika_lvgl\pika_lvgl_lv_event.c" />
    <ClCompile Include="pikascript\pikascript-lib\pika_lvgl\pika_lvgl_lv_obj.c" />
    <ClCompile Include="pikascript\pikascript-lib\pika_lvgl\pika_lvgl_lv_style_t.c" />
    <ClCompile Include="pikascript\pikascript-lib\PikaStdDevice\PikaStdDevice_ADC.c" />
    <ClCompile Include="pikascript\pikascript-lib\PikaStdDevice\PikaStdDevice_BaseDev.c" />
    <ClCompile Include="pikascript\pikascript-lib\PikaStdDevice\PikaStdDevice_CAN.c" />
    <ClCompile Include="pikascript\pikascript-lib\PikaStdDevice\PikaStdDevice_GPIO.c" />
    <ClCompile Include="pikascript\pikascript-lib\PikaStdDevice\PikaStdDevice_IIC.c" />
    <ClCompile Include="pikascript\pikascript-lib\PikaStdDevice\PikaStdDevice_PWM.c" />
    <ClCompile Include="pikascript\pikascript-lib\PikaStdDevice\PikaStdDevice_SPI.c" />
    <ClCompile Include="pikascript\pikascript-lib\PikaStdDevice\PikaStdDevice_Time.c" />
    <ClCompile Include="pikascript\pikascript-lib\PikaStdDevice\PikaStdDevice_UART.c" />
    <ClCompile Include="pikascript\pikascript-lib\PikaStdLib\PikaDebuger_Debuger.c" />
    <ClCompile Include="pikascript\pikascript-lib\PikaStdLib\PikaStdData_ByteArray.c" />
    <ClCompile Include="pikascript\pikascript-lib\PikaStdLib\PikaStdData_Dict.c" />
    <ClCompile Include="pikascript\pikascript-lib\PikaStdLib\PikaStdData_FILEIO.c" />
    <ClCompile Include="pikascript\pikascript-lib\PikaStdLib\PikaStdData_List.c" />
    <ClCompile Include="pikascript\pikascript-lib\PikaStdLib\PikaStdData_String.c" />
    <ClCompile Include="pikascript\pikascript-lib\PikaStdLib\PikaStdData_Tuple.c" />
    <ClCompile Include="pikascript\pikascript-lib\PikaStdLib\PikaStdData_Utils.c" />
    <ClCompile Include="pikascript\pikascript-lib\PikaStdLib\PikaStdLib_MemChecker.c" />
    <ClCompile Include="pikascript\pikascript-lib\PikaStdLib\PikaStdLib_RangeObj.c" />
    <ClCompile Include="pikascript\pikascript-lib\PikaStdLib\PikaStdLib_StringObj.c" />
    <ClCompile Include="pikascript\pikascript-lib\PikaStdLib\PikaStdLib_SysObj.c" />
    <ClCompile Include="pikascript\pikascript-lib\PikaStdLib\PikaStdTask_Task.c" />
  </ItemGroup>
  <ItemGroup>
    <ClInclude Include="pikascript_entry.h" />
    <ClInclude Include="resource.h" />
    <ClInclude Include="Mile.Project.Properties.h" />
    <ClInclude Include="pikascript\pikascript-api\pika_lvgl.h" />
    <ClInclude Include="pikascript\pikascript-api\pika_lvgl_ALIGN.h" />
    <ClInclude Include="pikascript\pikascript-api\pika_lvgl_ANIM.h" />
    <ClInclude Include="pikascript\pikascript-api\pika_lvgl_arc.h" />
    <ClInclude Include="pikascript\pikascript-api\pika_lvgl_bar.h" />
    <ClInclude Include="pikascript\pikascript-api\pika_lvgl_btn.h" />
    <ClInclude Include="pikascript\pikascript-api\pika_lvgl_checkbox.h" />
    <ClInclude Include="pikascript\pikascript-api\pika_lvgl_dropdown.h" />
    <ClInclude Include="pikascript\pikascript-api\pika_lvgl_EVENT.h" />
    <ClInclude Include="pikascript\pikascript-api\pika_lvgl_indev_t.h" />
    <ClInclude Include="pikascript\pikascript-api\pika_lvgl_label.h" />
    <ClInclude Include="pikascript\pikascript-api\pika_lvgl_lv_color_t.h" />
    <ClInclude Include="pikascript\pikascript-api\pika_lvgl_lv_event.h" />
    <ClInclude Include="pikascript\pikascript-api\pika_lvgl_lv_obj.h" />
    <ClInclude Include="pikascript\pikascript-api\pika_lvgl_lv_timer_t.h" />
    <ClInclude Include="pikascript\pikascript-api\pika_lvgl_OPA.h" />
    <ClInclude Include="pikascript\pikascript-api\pika_lvgl_PALETTE.h" />
    <ClInclude Include="pikascript\pikascript-api\pika_lvgl_point_t.h" />
    <ClInclude Include="pikascript\pikascript-api\pika_lvgl_roller.h" />
    <ClInclude Include="pikascript\pikascript-api\pika_lvgl_slider.h" />
    <ClInclude Include="pikascript\pikascript-api\pika_lvgl_STATE.h" />
    <ClInclude Include="pikascript\pikascript-api\pika_lvgl_style_t.h" />
    <ClInclude Include="pikascript\pikascript-api\pika_lvgl_switch.h" />
    <ClInclude Include="pikascript\pikascript-api\pika_lvgl_table.h" />
    <ClInclude Include="pikascript\pikascript-api\pika_lvgl_textarea.h" />
    <ClInclude Include="pikascript\pikascript-api\PikaDebug.h" />
    <ClInclude Include="pikascript\pikascript-api\PikaDebug_Debuger.h" />
    <ClInclude Include="pikascript\pikascript-api\PikaMain.h" />
    <ClInclude Include="pikascript\pikascript-api\pikaScript.h" />
    <ClInclude Include="pikascript\pikascript-api\PikaStdData.h" />
    <ClInclude Include="pikascript\pikascript-api\PikaStdData_ByteArray.h" />
    <ClInclude Include="pikascript\pikascript-api\PikaStdData_Dict.h" />
    <ClInclude Include="pikascript\pikascript-api\PikaStdData_dict_keys.h" />
    <ClInclude Include="pikascript\pikascript-api\PikaStdData_FILEIO.h" />
    <ClInclude Include="pikascript\pikascript-api\PikaStdData_List.h" />
    <ClInclude Include="pikascript\pikascript-api\PikaStdData_String.h" />
    <ClInclude Include="pikascript\pikascript-api\PikaStdData_Tuple.h" />
    <ClInclude Include="pikascript\pikascript-api\PikaStdData_Utils.h" />
    <ClInclude Include="pikascript\pikascript-api\PikaStdDevice.h" />
    <ClInclude Include="pikascript\pikascript-api\PikaStdDevice_ADC.h" />
    <ClInclude Include="pikascript\pikascript-api\PikaStdDevice_BaseDev.h" />
    <ClInclude Include="pikascript\pikascript-api\PikaStdDevice_CAN.h" />
    <ClInclude Include="pikascript\pikascript-api\PikaStdDevice_GPIO.h" />
    <ClInclude Include="pikascript\pikascript-api\PikaStdDevice_IIC.h" />
    <ClInclude Include="pikascript\pikascript-api\PikaStdDevice_PWM.h" />
    <ClInclude Include="pikascript\pikascript-api\PikaStdDevice_SPI.h" />
    <ClInclude Include="pikascript\pikascript-api\PikaStdDevice_Time.h" />
    <ClInclude Include="pikascript\pikascript-api\PikaStdDevice_UART.h" />
    <ClInclude Include="pikascript\pikascript-api\PikaStdLib.h" />
    <ClInclude Include="pikascript\pikascript-api\PikaStdLib_MemChecker.h" />
    <ClInclude Include="pikascript\pikascript-api\PikaStdLib_RangeObj.h" />
    <ClInclude Include="pikascript\pikascript-api\PikaStdLib_StringObj.h" />
    <ClInclude Include="pikascript\pikascript-api\PikaStdLib_SysObj.h" />
    <ClInclude Include="pikascript\pikascript-api\PikaStdTask.h" />
    <ClInclude Include="pikascript\pikascript-api\PikaStdTask_Task.h" />
    <ClInclude Include="pikascript\pikascript-core\__instruction_def.h" />
    <ClInclude Include="pikascript\pikascript-core\__pika_ooc.h" />
    <ClInclude Include="pikascript\pikascript-core\BaseObj.h" />
    <ClInclude Include="pikascript\pikascript-core\dataArg.h" />
    <ClInclude Include="pikascript\pikascript-core\dataArgs.h" />
    <ClInclude Include="pikascript\pikascript-core\dataLink.h" />
    <ClInclude Include="pikascript\pikascript-core\dataLinkNode.h" />
    <ClInclude Include="pikascript\pikascript-core\dataMemory.h" />
    <ClInclude Include="pikascript\pikascript-core\dataQueue.h" />
    <ClInclude Include="pikascript\pikascript-core\dataQueueObj.h" />
    <ClInclude Include="pikascript\pikascript-core\dataStack.h" />
    <ClInclude Include="pikascript\pikascript-core\dataString.h" />
    <ClInclude Include="pikascript\pikascript-core\dataStrs.h" />
    <ClInclude Include="pikascript\pikascript-core\pika_config_valid.h" />
    <ClInclude Include="pikascript\pikascript-core\PikaCompiler.h" />
    <ClInclude Include="pikascript\pikascript-core\PikaObj.h" />
    <ClInclude Include="pikascript\pikascript-core\PikaParser.h" />
    <ClInclude Include="pikascript\pikascript-core\PikaPlatform.h" />
    <ClInclude Include="pikascript\pikascript-core\PikaVersion.h" />
    <ClInclude Include="pikascript\pikascript-core\PikaVM.h" />
    <ClInclude Include="pikascript\pikascript-core\TinyObj.h" />
    <ClInclude Include="pikascript\pikascript-lib\PikaStdLib\PikaStdData_String_Util.h" />
  </ItemGroup>
</Project>